
Microsoft Visual Studio Solution File, Format Version 12.00
# Visual Studio Version 17
VisualStudioVersion = 17.4.33213.308
MinimumVisualStudioVersion = 10.0.40219.1
Project("{FAE04EC0-301F-11D3-BF4B-00C04F79EFBC}") = "NLayer.Core", "NLayer.Core\NLayer.Core.csproj", "{D6569AC1-E93E-42AA-B2FC-12E06E0444CF}"
EndProject
Project("{FAE04EC0-301F-11D3-BF4B-00C04F79EFBC}") = "NLayer.Repository", "NLayer.Repository\NLayer.Repository.csproj", "{AC213804-0D84-404F-A5DB-3F9AE105E7C7}"
EndProject
Project("{FAE04EC0-301F-11D3-BF4B-00C04F79EFBC}") = "NLayer.Service", "NLayer.Service\NLayer.Service.csproj", "{B2AA8590-9C98-44AD-9632-18067388C7F3}"
EndProject
Global
	GlobalSection(SolutionConfigurationPlatforms) = preSolution
		Debug|Any CPU = Debug|Any CPU
		Release|Any CPU = Release|Any CPU
	EndGlobalSection
	GlobalSection(ProjectConfigurationPlatforms) = postSolution
		{D6569AC1-E93E-42AA-B2FC-12E06E0444CF}.Debug|Any CPU.ActiveCfg = Debug|Any CPU
		{D6569AC1-E93E-42AA-B2FC-12E06E0444CF}.Debug|Any CPU.Build.0 = Debug|Any CPU
		{D6569AC1-E93E-42AA-B2FC-12E06E0444CF}.Release|Any CPU.ActiveCfg = Release|Any CPU
		{D6569AC1-E93E-42AA-B2FC-12E06E0444CF}.Release|Any CPU.Build.0 = Release|Any CPU
		{AC213804-0D84-404F-A5DB-3F9AE105E7C7}.Debug|Any CPU.ActiveCfg = Debug|Any CPU
		{AC213804-0D84-404F-A5DB-3F9AE105E7C7}.Debug|Any CPU.Build.0 = Debug|Any CPU
		{AC213804-0D84-404F-A5DB-3F9AE105E7C7}.Release|Any CPU.ActiveCfg = Release|Any CPU
		{AC213804-0D84-404F-A5DB-3F9AE105E7C7}.Release|Any CPU.Build.0 = Release|Any CPU
		{B2AA8590-9C98-44AD-9632-18067388C7F3}.Debug|Any CPU.ActiveCfg = Debug|Any CPU
		{B2AA8590-9C98-44AD-9632-18067388C7F3}.Debug|Any CPU.Build.0 = Debug|Any CPU
		{B2AA8590-9C98-44AD-9632-18067388C7F3}.Release|Any CPU.ActiveCfg = Release|Any CPU
		{B2AA8590-9C98-44AD-9632-18067388C7F3}.Release|Any CPU.Build.0 = Release|Any CPU
	EndGlobalSection
	GlobalSection(SolutionProperties) = preSolution
		HideSolutionNode = FALSE
	EndGlobalSection
	GlobalSection(ExtensibilityGlobals) = postSolution
		SolutionGuid = {6FE2C6A9-CBDB-4C16-80C7-B601B902B047}
	EndGlobalSection
EndGlobal
